# THIS IS AN AUTOGENERATED FILE. DO NOT EDIT THIS FILE DIRECTLY.
# yarn lockfile v1


"@hotwired/stimulus@^3.2.0":
  version "3.2.0"
  resolved "https://registry.yarnpkg.com/@hotwired/stimulus/-/stimulus-3.2.0.tgz#257272f1348b1f7beb1a8510be88b80aec6c4c5b"
  integrity sha512-uAIIdg049qId0lBhyjuMBfcC5uV8JwbhNLoxEyi9vxM3MW6h+mM97G9rNT4ZZMiqnKK9XUHp9SQUrd9rSLEmpQ==
